// !$*UTF8*$!
{
	archiveVersion = 1;
	classes = {
	};
	objectVersion = 46;
	objects = {

/* Begin PBXBuildFile section */
		8335A15D1A4ECA5000BA605B /* AppDelegate.swift in Sources */ = {isa = PBXBuildFile; fileRef = 8335A15C1A4ECA5000BA605B /* AppDelegate.swift */; };
		8335A1601A4ECA5000BA605B /* ExchangeAGram.xcdatamodeld in Sources */ = {isa = PBXBuildFile; fileRef = 8335A15E1A4ECA5000BA605B /* ExchangeAGram.xcdatamodeld */; };
		8335A1651A4ECA5000BA605B /* Main.storyboard in Resources */ = {isa = PBXBuildFile; fileRef = 8335A1631A4ECA5000BA605B /* Main.storyboard */; };
		8335A1671A4ECA5000BA605B /* Images.xcassets in Resources */ = {isa = PBXBuildFile; fileRef = 8335A1661A4ECA5000BA605B /* Images.xcassets */; };
		8335A16A1A4ECA5000BA605B /* LaunchScreen.xib in Resources */ = {isa = PBXBuildFile; fileRef = 8335A1681A4ECA5000BA605B /* LaunchScreen.xib */; };
		8335A1761A4ECA5000BA605B /* ExchangeAGramTests.swift in Sources */ = {isa = PBXBuildFile; fileRef = 8335A1751A4ECA5000BA605B /* ExchangeAGramTests.swift */; };
		8335A1801A4F10E600BA605B /* FeedViewController.swift in Sources */ = {isa = PBXBuildFile; fileRef = 8335A17F1A4F10E600BA605B /* FeedViewController.swift */; };
/* End PBXBuildFile section */

/* Begin PBXContainerItemProxy section */
		8335A1701A4ECA5000BA605B /* PBXContainerItemProxy */ = {
			isa = PBXContainerItemProxy;
			containerPortal = 8335A14F1A4ECA5000BA605B /* Project object */;
			proxyType = 1;
			remoteGlobalIDString = 8335A1561A4ECA5000BA605B;
			remoteInfo = ExchangeAGram;
		};
/* End PBXContainerItemProxy section */

/* Begin PBXFileReference section */
		8335A1571A4ECA5000BA605B /* ExchangeAGram.app */ = {isa = PBXFileReference; explicitFileType = wrapper.application; includeInIndex = 0; path = ExchangeAGram.app; sourceTree = BUILT_PRODUCTS_DIR; };
		8335A15B1A4ECA5000BA605B /* Info.plist */ = {isa = PBXFileReference; lastKnownFileType = text.plist.xml; path = Info.plist; sourceTree = "<group>"; };
		8335A15C1A4ECA5000BA605B /* AppDelegate.swift */ = {isa = PBXFileReference; lastKnownFileType = sourcecode.swift; path = AppDelegate.swift; sourceTree = "<group>"; };
		8335A15F1A4ECA5000BA605B /* ExchangeAGram.xcdatamodel */ = {isa = PBXFileReference; lastKnownFileType = wrapper.xcdatamodel; path = ExchangeAGram.xcdatamodel; sourceTree = "<group>"; };
		8335A1641A4ECA5000BA605B /* Base */ = {isa = PBXFileReference; lastKnownFileType = file.storyboard; name = Base; path = Base.lproj/Main.storyboard; sourceTree = "<group>"; };
		8335A1661A4ECA5000BA605B /* Images.xcassets */ = {isa = PBXFileReference; lastKnownFileType = folder.assetcatalog; path = Images.xcassets; sourceTree = "<group>"; };
		8335A1691A4ECA5000BA605B /* Base */ = {isa = PBXFileReference; lastKnownFileType = file.xib; name = Base; path = Base.lproj/LaunchScreen.xib; sourceTree = "<group>"; };
		8335A16F1A4ECA5000BA605B /* ExchangeAGramTests.xctest */ = {isa = PBXFileReference; explicitFileType = wrapper.cfbundle; includeInIndex = 0; path = ExchangeAGramTests.xctest; sourceTree = BUILT_PRODUCTS_DIR; };
		8335A1741A4ECA5000BA605B /* Info.plist */ = {isa = PBXFileReference; lastKnownFileType = text.plist.xml; path = Info.plist; sourceTree = "<group>"; };
		8335A1751A4ECA5000BA605B /* ExchangeAGramTests.swift */ = {isa = PBXFileReference; lastKnownFileType = sourcecode.swift; path = ExchangeAGramTests.swift; sourceTree = "<group>"; };
		8335A17F1A4F10E600BA605B /* FeedViewController.swift */ = {isa = PBXFileReference; fileEncoding = 4; lastKnownFileType = sourcecode.swift; path = FeedViewController.swift; sourceTree = "<group>"; };
/* End PBXFileReference section */

/* Begin PBXFrameworksBuildPhase section */
		8335A1541A4ECA5000BA605B /* Frameworks */ = {
			isa = PBXFrameworksBuildPhase;
			buildActionMask = 2147483647;
			files = (
			);
			runOnlyForDeploymentPostprocessing = 0;
		};
		8335A16C1A4ECA5000BA605B /* Frameworks */ = {
			isa = PBXFrameworksBuildPhase;
			buildActionMask = 2147483647;
			files = (
			);
			runOnlyForDeploymentPostprocessing = 0;
		};
/* End PBXFrameworksBuildPhase section */

/* Begin PBXGroup section */
		8335A14E1A4ECA5000BA605B = {
			isa = PBXGroup;
			children = (
				8335A1591A4ECA5000BA605B /* ExchangeAGram */,
				8335A1721A4ECA5000BA605B /* ExchangeAGramTests */,
				8335A1581A4ECA5000BA605B /* Products */,
			);
			sourceTree = "<group>";
		};
		8335A1581A4ECA5000BA605B /* Products */ = {
			isa = PBXGroup;
			children = (
				8335A1571A4ECA5000BA605B /* ExchangeAGram.app */,
				8335A16F1A4ECA5000BA605B /* ExchangeAGramTests.xctest */,
			);
			name = Products;
			sourceTree = "<group>";
		};
		8335A1591A4ECA5000BA605B /* ExchangeAGram */ = {
			isa = PBXGroup;
			children = (
				8335A15C1A4ECA5000BA605B /* AppDelegate.swift */,
				8335A17F1A4F10E600BA605B /* FeedViewController.swift */,
				8335A1631A4ECA5000BA605B /* Main.storyboard */,
				8335A1661A4ECA5000BA605B /* Images.xcassets */,
				8335A1681A4ECA5000BA605B /* LaunchScreen.xib */,
				8335A15E1A4ECA5000BA605B /* ExchangeAGram.xcdatamodeld */,
				8335A15A1A4ECA5000BA605B /* Supporting Files */,
			);
			path = ExchangeAGram;
			sourceTree = "<group>";
		};
		8335A15A1A4ECA5000BA605B /* Supporting Files */ = {
			isa = PBXGroup;
			children = (
				8335A15B1A4ECA5000BA605B /* Info.plist */,
			);
			name = "Supporting Files";
			sourceTree = "<group>";
		};
		8335A1721A4ECA5000BA605B /* ExchangeAGramTests */ = {
			isa = PBXGroup;
			children = (
				8335A1751A4ECA5000BA605B /* ExchangeAGramTests.swift */,
				8335A1731A4ECA5000BA605B /* Supporting Files */,
			);
			path = ExchangeAGramTests;
			sourceTree = "<group>";
		};
		8335A1731A4ECA5000BA605B /* Supporting Files */ = {
			isa = PBXGroup;
			children = (
				8335A1741A4ECA5000BA605B /* Info.plist */,
			);
			name = "Supporting Files";
			sourceTree = "<group>";
		};
/* End PBXGroup section */

/* Begin PBXNativeTarget section */
		8335A1561A4ECA5000BA605B /* ExchangeAGram */ = {
			isa = PBXNativeTarget;
			buildConfigurationList = 8335A1791A4ECA5000BA605B /* Build configuration list for PBXNativeTarget "ExchangeAGram" */;
			buildPhases = (
				8335A1531A4ECA5000BA605B /* Sources */,
				8335A1541A4ECA5000BA605B /* Frameworks */,
				8335A1551A4ECA5000BA605B /* Resources */,
			);
			buildRules = (
			);
			dependencies = (
			);
			name = ExchangeAGram;
			productName = ExchangeAGram;
			productReference = 8335A1571A4ECA5000BA605B /* ExchangeAGram.app */;
			productType = "com.apple.product-type.application";
		};
		8335A16E1A4ECA5000BA605B /* ExchangeAGramTests */ = {
			isa = PBXNativeTarget;
			buildConfigurationList = 8335A17C1A4ECA5000BA605B /* Build configuration list for PBXNativeTarget "ExchangeAGramTests" */;
			buildPhases = (
				8335A16B1A4ECA5000BA605B /* Sources */,
				8335A16C1A4ECA5000BA605B /* Frameworks */,
				8335A16D1A4ECA5000BA605B /* Resources */,
			);
			buildRules = (
			);
			dependencies = (
				8335A1711A4ECA5000BA605B /* PBXTargetDependency */,
			);
			name = ExchangeAGramTests;
			productName = ExchangeAGramTests;
			productReference = 8335A16F1A4ECA5000BA605B /* ExchangeAGramTests.xctest */;
			productType = "com.apple.product-type.bundle.unit-test";
		};
/* End PBXNativeTarget section */

/* Begin PBXProject section */
		8335A14F1A4ECA5000BA605B /* Project object */ = {
			isa = PBXProject;
			attributes = {
				LastUpgradeCheck = 0610;
				ORGANIZATIONNAME = "Krzysztof Kula";
				TargetAttributes = {
					8335A1561A4ECA5000BA605B = {
						CreatedOnToolsVersion = 6.1.1;
					};
					8335A16E1A4ECA5000BA605B = {
						CreatedOnToolsVersion = 6.1.1;
						TestTargetID = 8335A1561A4ECA5000BA605B;
					};
				};
			};
			buildConfigurationList = 8335A1521A4ECA5000BA605B /* Build configuration list for PBXProject "ExchangeAGram" */;
			compatibilityVersion = "Xcode 3.2";
			developmentRegion = English;
			hasScannedForEncodings = 0;
			knownRegions = (
				en,
				Base,
			);
			mainGroup = 8335A14E1A4ECA5000BA605B;
			productRefGroup = 8335A1581A4ECA5000BA605B /* Products */;
			projectDirPath = "";
			projectRoot = "";
			targets = (
				8335A1561A4ECA5000BA605B /* ExchangeAGram */,
				8335A16E1A4ECA5000BA605B /* ExchangeAGramTests */,
			);
		};
/* End PBXProject section */

/* Begin PBXResourcesBuildPhase section */
		8335A1551A4ECA5000BA605B /* Resources */ = {
			isa = PBXResourcesBuildPhase;
			buildActionMask = 2147483647;
			files = (
				8335A1651A4ECA5000BA605B /* Main.storyboard in Resources */,
				8335A16A1A4ECA5000BA605B /* LaunchScreen.xib in Resources */,
				8335A1671A4ECA5000BA605B /* Images.xcassets in Resources */,
			);
			runOnlyForDeploymentPostprocessing = 0;
		};
		8335A16D1A4ECA5000BA605B /* Resources */ = {
			isa = PBXResourcesBuildPhase;
			buildActionMask = 2147483647;
			files = (
			);
			runOnlyForDeploymentPostprocessing = 0;
		};
/* End PBXResourcesBuildPhase section */

/* Begin PBXSourcesBuildPhase section */
		8335A1531A4ECA5000BA605B /* Sources */ = {
			isa = PBXSourcesBuildPhase;
			buildActionMask = 2147483647;
			files = (
				8335A15D1A4ECA5000BA605B /* AppDelegate.swift in Sources */,
				8335A1801A4F10E600BA605B /* FeedViewController.swift in Sources */,
				8335A1601A4ECA5000BA605B /* ExchangeAGram.xcdatamodeld in Sources */,
			);
			runOnlyForDeploymentPostprocessing = 0;
		};
		8335A16B1A4ECA5000BA605B /* Sources */ = {
			isa = PBXSourcesBuildPhase;
			buildActionMask = 2147483647;
			files = (
				8335A1761A4ECA5000BA605B /* ExchangeAGramTests.swift in Sources */,
			);
			runOnlyForDeploymentPostprocessing = 0;
		};
/* End PBXSourcesBuildPhase section */

/* Begin PBXTargetDependency section */
		8335A1711A4ECA5000BA605B /* PBXTargetDependency */ = {
			isa = PBXTargetDependency;
			target = 8335A1561A4ECA5000BA605B /* ExchangeAGram */;
			targetProxy = 8335A1701A4ECA5000BA605B /* PBXContainerItemProxy */;
		};
/* End PBXTargetDependency section */

/* Begin PBXVariantGroup section */
		8335A1631A4ECA5000BA605B /* Main.storyboard */ = {
			isa = PBXVariantGroup;
			children = (
				8335A1641A4ECA5000BA605B /* Base */,
			);
			name = Main.storyboard;
			sourceTree = "<group>";
		};
		8335A1681A4ECA5000BA605B /* LaunchScreen.xib */ = {
			isa = PBXVariantGroup;
			children = (
				8335A1691A4ECA5000BA605B /* Base */,
			);
			name = LaunchScreen.xib;
			sourceTree = "<group>";
		};
/* End PBXVariantGroup section */

/* Begin XCBuildConfiguration section */
		8335A1771A4ECA5000BA605B /* Debug */ = {
			isa = XCBuildConfiguration;
			buildSettings = {
				ALWAYS_SEARCH_USER_PATHS = NO;
				CLANG_CXX_LANGUAGE_STANDARD = "gnu++0x";
				CLANG_CXX_LIBRARY = "libc++";
				CLANG_ENABLE_MODULES = YES;
				CLANG_ENABLE_OBJC_ARC = YES;
				CLANG_WARN_BOOL_CONVERSION = YES;
				CLANG_WARN_CONSTANT_CONVERSION = YES;
				CLANG_WARN_DIRECT_OBJC_ISA_USAGE = YES_ERROR;
				CLANG_WARN_EMPTY_BODY = YES;
				CLANG_WARN_ENUM_CONVERSION = YES;
				CLANG_WARN_INT_CONVERSION = YES;
				CLANG_WARN_OBJC_ROOT_CLASS = YES_ERROR;
				CLANG_WARN_UNREACHABLE_CODE = YES;
				CLANG_WARN__DUPLICATE_METHOD_MATCH = YES;
				"CODE_SIGN_IDENTITY[sdk=iphoneos*]" = "iPhone Developer";
				COPY_PHASE_STRIP = NO;
				ENABLE_STRICT_OBJC_MSGSEND = YES;
				GCC_C_LANGUAGE_STANDARD = gnu99;
				GCC_DYNAMIC_NO_PIC = NO;
				GCC_OPTIMIZATION_LEVEL = 0;
				GCC_PREPROCESSOR_DEFINITIONS = (
					"DEBUG=1",
					"$(inherited)",
				);
				GCC_SYMBOLS_PRIVATE_EXTERN = NO;
				GCC_WARN_64_TO_32_BIT_CONVERSION = YES;
				GCC_WARN_ABOUT_RETURN_TYPE = YES_ERROR;
				GCC_WARN_UNDECLARED_SELECTOR = YES;
				GCC_WARN_UNINITIALIZED_AUTOS = YES_AGGRESSIVE;
				GCC_WARN_UNUSED_FUNCTION = YES;
				GCC_WARN_UNUSED_VARIABLE = YES;
				IPHONEOS_DEPLOYMENT_TARGET = 8.1;
				MTL_ENABLE_DEBUG_INFO = YES;
				ONLY_ACTIVE_ARCH = YES;
				SDKROOT = iphoneos;
				SWIFT_OPTIMIZATION_LEVEL = "-Onone";
				TARGETED_DEVICE_FAMILY = "1,2";
			};
			name = Debug;
		};
		8335A1781A4ECA5000BA605B /* Release */ = {
			isa = XCBuildConfiguration;
			buildSettings = {
				ALWAYS_SEARCH_USER_PATHS = NO;
				CLANG_CXX_LANGUAGE_STANDARD = "gnu++0x";
				CLANG_CXX_LIBRARY = "libc++";
				CLANG_ENABLE_MODULES = YES;
				CLANG_ENABLE_OBJC_ARC = YES;
				CLANG_WARN_BOOL_CONVERSION = YES;
				CLANG_WARN_CONSTANT_CONVERSION = YES;
				CLANG_WARN_DIRECT_OBJC_ISA_USAGE = YES_ERROR;
				CLANG_WARN_EMPTY_BODY = YES;
				CLANG_WARN_ENUM_CONVERSION = YES;
				CLANG_WARN_INT_CONVERSION = YES;
				CLANG_WARN_OBJC_ROOT_CLASS = YES_ERROR;
				CLANG_WARN_UNREACHABLE_CODE = YES;
				CLANG_WARN__DUPLICATE_METHOD_MATCH = YES;
				"CODE_SIGN_IDENTITY[sdk=iphoneos*]" = "iPhone Developer";
				COPY_PHASE_STRIP = YES;
				ENABLE_NS_ASSERTIONS = NO;
				ENABLE_STRICT_OBJC_MSGSEND = YES;
				GCC_C_LANGUAGE_STANDARD = gnu99;
				GCC_WARN_64_TO_32_BIT_CONVERSION = YES;
				GCC_WARN_ABOUT_RETURN_TYPE = YES_ERROR;
				GCC_WARN_UNDECLARED_SELECTOR = YES;
				GCC_WARN_UNINITIALIZED_AUTOS = YES_AGGRESSIVE;
				GCC_WARN_UNUSED_FUNCTION = YES;
				GCC_WARN_UNUSED_VARIABLE = YES;
				IPHONEOS_DEPLOYMENT_TARGET = 8.1;
				MTL_ENABLE_DEBUG_INFO = NO;
				SDKROOT = iphoneos;
				TARGETED_DEVICE_FAMILY = "1,2";
				VALIDATE_PRODUCT = YES;
			};
			name = Release;
		};
		8335A17A1A4ECA5000BA605B /* Debug */ = {
			isa = XCBuildConfiguration;
			buildSettings = {
				ASSETCATALOG_COMPILER_APPICON_NAME = AppIcon;
				INFOPLIST_FILE = ExchangeAGram/Info.plist;
				LD_RUNPATH_SEARCH_PATHS = "$(inherited) @executable_path/Frameworks";
				PRODUCT_NAME = "$(TARGET_NAME)";
			};
			name = Debug;
		};
		8335A17B1A4ECA5000BA605B /* Release */ = {
			isa = XCBuildConfiguration;
			buildSettings = {
				ASSETCATALOG_COMPILER_APPICON_NAME = AppIcon;
				INFOPLIST_FILE = ExchangeAGram/Info.plist;
				LD_RUNPATH_SEARCH_PATHS = "$(inherited) @executable_path/Frameworks";
				PRODUCT_NAME = "$(TARGET_NAME)";
			};
			name = Release;
		};
		8335A17D1A4ECA5000BA605B /* Debug */ = {
			isa = XCBuildConfiguration;
			buildSettings = {
				BUNDLE_LOADER = "$(TEST_HOST)";
				FRAMEWORK_SEARCH_PATHS = (
					"$(SDKROOT)/Developer/Library/Frameworks",
					"$(inherited)",
				);
				GCC_PREPROCESSOR_DEFINITIONS = (
					"DEBUG=1",
					"$(inherited)",
				);
				INFOPLIST_FILE = ExchangeAGramTests/Info.plist;
				LD_RUNPATH_SEARCH_PATHS = "$(inherited) @executable_path/Frameworks @loader_path/Frameworks";
				PRODUCT_NAME = "$(TARGET_NAME)";
				TEST_HOST = "$(BUILT_PRODUCTS_DIR)/ExchangeAGram.app/ExchangeAGram";
			};
			name = Debug;
		};
		8335A17E1A4ECA5000BA605B /* Release */ = {
			isa = XCBuildConfiguration;
			buildSettings = {
				BUNDLE_LOADER = "$(TEST_HOST)";
				FRAMEWORK_SEARCH_PATHS = (
					"$(SDKROOT)/Developer/Library/Frameworks",
					"$(inherited)",
				);
				INFOPLIST_FILE = ExchangeAGramTests/Info.plist;
				LD_RUNPATH_SEARCH_PATHS = "$(inherited) @executable_path/Frameworks @loader_path/Frameworks";
				PRODUCT_NAME = "$(TARGET_NAME)";
				TEST_HOST = "$(BUILT_PRODUCTS_DIR)/ExchangeAGram.app/ExchangeAGram";
			};
			name = Release;
		};
/* End XCBuildConfiguration section */

/* Begin XCConfigurationList section */
		8335A1521A4ECA5000BA605B /* Build configuration list for PBXProject "ExchangeAGram" */ = {
			isa = XCConfigurationList;
			buildConfigurations = (
				8335A1771A4ECA5000BA605B /* Debug */,
				8335A1781A4ECA5000BA605B /* Release */,
			);
			defaultConfigurationIsVisible = 0;
			defaultConfigurationName = Release;
		};
		8335A1791A4ECA5000BA605B /* Build configuration list for PBXNativeTarget "ExchangeAGram" */ = {
			isa = XCConfigurationList;
			buildConfigurations = (
				8335A17A1A4ECA5000BA605B /* Debug */,
				8335A17B1A4ECA5000BA605B /* Release */,
			);
			defaultConfigurationIsVisible = 0;
		};
		8335A17C1A4ECA5000BA605B /* Build configuration list for PBXNativeTarget "ExchangeAGramTests" */ = {
			isa = XCConfigurationList;
			buildConfigurations = (
				8335A17D1A4ECA5000BA605B /* Debug */,
				8335A17E1A4ECA5000BA605B /* Release */,
			);
			defaultConfigurationIsVisible = 0;
		};
/* End XCConfigurationList section */

/* Begin XCVersionGroup section */
		8335A15E1A4ECA5000BA605B /* ExchangeAGram.xcdatamodeld */ = {
			isa = XCVersionGroup;
			children = (
				8335A15F1A4ECA5000BA605B /* ExchangeAGram.xcdatamodel */,
			);
			currentVersion = 8335A15F1A4ECA5000BA605B /* ExchangeAGram.xcdatamodel */;
			path = ExchangeAGram.xcdatamodeld;
			sourceTree = "<group>";
			versionGroupType = wrapper.xcdatamodel;
		};
/* End XCVersionGroup section */
	};
	rootObject = 8335A14F1A4ECA5000BA605B /* Project object */;
}
